
Microsoft Visual Studio Solution File, Format Version 12.00
# Visual Studio 15
VisualStudioVersion = 15.0.27703.2018
MinimumVisualStudioVersion = 10.0.40219.1
Project("{FAE04EC0-301F-11D3-BF4B-00C04F79EFBC}") = "ISP", "ISP\ISP.csproj", "{DA827904-DC54-4D70-8A2D-B36B3B1CE7B5}"
EndProject
Global
	GlobalSection(SolutionConfigurationPlatforms) = preSolution
		Debug|Any CPU = Debug|Any CPU
		Release|Any CPU = Release|Any CPU
	EndGlobalSection
	GlobalSection(ProjectConfigurationPlatforms) = postSolution
		{DA827904-DC54-4D70-8A2D-B36B3B1CE7B5}.Debug|Any CPU.ActiveCfg = Debug|Any CPU
		{DA827904-DC54-4D70-8A2D-B36B3B1CE7B5}.Debug|Any CPU.Build.0 = Debug|Any CPU
		{DA827904-DC54-4D70-8A2D-B36B3B1CE7B5}.Release|Any CPU.ActiveCfg = Release|Any CPU
		{DA827904-DC54-4D70-8A2D-B36B3B1CE7B5}.Release|Any CPU.Build.0 = Release|Any CPU
	EndGlobalSection
	GlobalSection(SolutionProperties) = preSolution
		HideSolutionNode = FALSE
	EndGlobalSection
	GlobalSection(ExtensibilityGlobals) = postSolution
		SolutionGuid = {4CD32FAD-465C-4A0B-8964-9349A7D7AAC2}
	EndGlobalSection
EndGlobal
