
Microsoft Visual Studio Solution File, Format Version 12.00
# Visual Studio 15
VisualStudioVersion = 15.0.27428.2027
MinimumVisualStudioVersion = 10.0.40219.1
Project("{FAE04EC0-301F-11D3-BF4B-00C04F79EFBC}") = "ControOverTheFlowOfAProgram", "ControOverTheFlowOfAProgram\ControOverTheFlowOfAProgram.csproj", "{ED714390-3801-43DE-B35C-839079C5C48A}"
EndProject
Project("{FAE04EC0-301F-11D3-BF4B-00C04F79EFBC}") = "InversionTheFlowOfProgram", "InversionTheFlowOfProgram\InversionTheFlowOfProgram.csproj", "{14037E46-4253-477A-AEF2-95283F650D42}"
EndProject
Global
	GlobalSection(SolutionConfigurationPlatforms) = preSolution
		Debug|Any CPU = Debug|Any CPU
		Release|Any CPU = Release|Any CPU
	EndGlobalSection
	GlobalSection(ProjectConfigurationPlatforms) = postSolution
		{ED714390-3801-43DE-B35C-839079C5C48A}.Debug|Any CPU.ActiveCfg = Debug|Any CPU
		{ED714390-3801-43DE-B35C-839079C5C48A}.Debug|Any CPU.Build.0 = Debug|Any CPU
		{ED714390-3801-43DE-B35C-839079C5C48A}.Release|Any CPU.ActiveCfg = Release|Any CPU
		{ED714390-3801-43DE-B35C-839079C5C48A}.Release|Any CPU.Build.0 = Release|Any CPU
		{14037E46-4253-477A-AEF2-95283F650D42}.Debug|Any CPU.ActiveCfg = Debug|Any CPU
		{14037E46-4253-477A-AEF2-95283F650D42}.Debug|Any CPU.Build.0 = Debug|Any CPU
		{14037E46-4253-477A-AEF2-95283F650D42}.Release|Any CPU.ActiveCfg = Release|Any CPU
		{14037E46-4253-477A-AEF2-95283F650D42}.Release|Any CPU.Build.0 = Release|Any CPU
	EndGlobalSection
	GlobalSection(SolutionProperties) = preSolution
		HideSolutionNode = FALSE
	EndGlobalSection
	GlobalSection(ExtensibilityGlobals) = postSolution
		SolutionGuid = {75793992-9B70-4A97-8D7F-549A8A5A095F}
	EndGlobalSection
EndGlobal
