
Microsoft Visual Studio Solution File, Format Version 12.00
# Visual Studio 15
VisualStudioVersion = 15.0.27428.2027
MinimumVisualStudioVersion = 10.0.40219.1
Project("{FAE04EC0-301F-11D3-BF4B-00C04F79EFBC}") = "FirstNinject", "FirstNinject\FirstNinject.csproj", "{73278548-E168-4DD5-B1FE-0AD706A4A237}"
EndProject
Project("{FAE04EC0-301F-11D3-BF4B-00C04F79EFBC}") = "DeeplyResolve", "DeeplyResolve\DeeplyResolve.csproj", "{15FCA120-227A-4B21-93DE-225042FBFB63}"
EndProject
Global
	GlobalSection(SolutionConfigurationPlatforms) = preSolution
		Debug|Any CPU = Debug|Any CPU
		Release|Any CPU = Release|Any CPU
	EndGlobalSection
	GlobalSection(ProjectConfigurationPlatforms) = postSolution
		{73278548-E168-4DD5-B1FE-0AD706A4A237}.Debug|Any CPU.ActiveCfg = Debug|Any CPU
		{73278548-E168-4DD5-B1FE-0AD706A4A237}.Debug|Any CPU.Build.0 = Debug|Any CPU
		{73278548-E168-4DD5-B1FE-0AD706A4A237}.Release|Any CPU.ActiveCfg = Release|Any CPU
		{73278548-E168-4DD5-B1FE-0AD706A4A237}.Release|Any CPU.Build.0 = Release|Any CPU
		{15FCA120-227A-4B21-93DE-225042FBFB63}.Debug|Any CPU.ActiveCfg = Debug|Any CPU
		{15FCA120-227A-4B21-93DE-225042FBFB63}.Debug|Any CPU.Build.0 = Debug|Any CPU
		{15FCA120-227A-4B21-93DE-225042FBFB63}.Release|Any CPU.ActiveCfg = Release|Any CPU
		{15FCA120-227A-4B21-93DE-225042FBFB63}.Release|Any CPU.Build.0 = Release|Any CPU
	EndGlobalSection
	GlobalSection(SolutionProperties) = preSolution
		HideSolutionNode = FALSE
	EndGlobalSection
	GlobalSection(ExtensibilityGlobals) = postSolution
		SolutionGuid = {05AC2203-2D29-4D90-90F4-D894D4F0E8AB}
	EndGlobalSection
EndGlobal
