
Microsoft Visual Studio Solution File, Format Version 12.00
# Visual Studio 15
VisualStudioVersion = 15.0.27703.2047
MinimumVisualStudioVersion = 10.0.40219.1
Project("{FAE04EC0-301F-11D3-BF4B-00C04F79EFBC}") = "AsyncVoidThread", "AsyncVoidThread\AsyncVoidThread.csproj", "{6A7E1EEA-811E-4B04-8227-B07079AADC14}"
EndProject
Global
	GlobalSection(SolutionConfigurationPlatforms) = preSolution
		Debug|Any CPU = Debug|Any CPU
		Release|Any CPU = Release|Any CPU
	EndGlobalSection
	GlobalSection(ProjectConfigurationPlatforms) = postSolution
		{6A7E1EEA-811E-4B04-8227-B07079AADC14}.Debug|Any CPU.ActiveCfg = Debug|Any CPU
		{6A7E1EEA-811E-4B04-8227-B07079AADC14}.Debug|Any CPU.Build.0 = Debug|Any CPU
		{6A7E1EEA-811E-4B04-8227-B07079AADC14}.Release|Any CPU.ActiveCfg = Release|Any CPU
		{6A7E1EEA-811E-4B04-8227-B07079AADC14}.Release|Any CPU.Build.0 = Release|Any CPU
	EndGlobalSection
	GlobalSection(SolutionProperties) = preSolution
		HideSolutionNode = FALSE
	EndGlobalSection
	GlobalSection(ExtensibilityGlobals) = postSolution
		SolutionGuid = {0B29162E-9526-49C6-BD85-CE4A162DBB28}
	EndGlobalSection
EndGlobal
