
Microsoft Visual Studio Solution File, Format Version 12.00
# Visual Studio 15
VisualStudioVersion = 15.0.27428.1
MinimumVisualStudioVersion = 10.0.40219.1
Project("{FAE04EC0-301F-11D3-BF4B-00C04F79EFBC}") = "XamarinCore", "XamarinCore\XamarinCore.csproj", "{79752ECA-9570-4FD1-B515-B6648CFCFB2F}"
EndProject
Global
	GlobalSection(SolutionConfigurationPlatforms) = preSolution
		Debug|Any CPU = Debug|Any CPU
		Release|Any CPU = Release|Any CPU
	EndGlobalSection
	GlobalSection(ProjectConfigurationPlatforms) = postSolution
		{79752ECA-9570-4FD1-B515-B6648CFCFB2F}.Debug|Any CPU.ActiveCfg = Debug|Any CPU
		{79752ECA-9570-4FD1-B515-B6648CFCFB2F}.Debug|Any CPU.Build.0 = Debug|Any CPU
		{79752ECA-9570-4FD1-B515-B6648CFCFB2F}.Release|Any CPU.ActiveCfg = Release|Any CPU
		{79752ECA-9570-4FD1-B515-B6648CFCFB2F}.Release|Any CPU.Build.0 = Release|Any CPU
	EndGlobalSection
	GlobalSection(SolutionProperties) = preSolution
		HideSolutionNode = FALSE
	EndGlobalSection
	GlobalSection(ExtensibilityGlobals) = postSolution
		SolutionGuid = {3985584D-9386-4A07-BA64-441D20C860D0}
	EndGlobalSection
EndGlobal
