
Microsoft Visual Studio Solution File, Format Version 12.00
# Visual Studio 15
VisualStudioVersion = 15.0.27428.2043
MinimumVisualStudioVersion = 10.0.40219.1
Project("{FAE04EC0-301F-11D3-BF4B-00C04F79EFBC}") = "LifetimeManager", "LifetimeManager\LifetimeManager.csproj", "{220A6123-FEE9-4B55-B7FA-DE611955046B}"
EndProject
Global
	GlobalSection(SolutionConfigurationPlatforms) = preSolution
		Debug|Any CPU = Debug|Any CPU
		Release|Any CPU = Release|Any CPU
	EndGlobalSection
	GlobalSection(ProjectConfigurationPlatforms) = postSolution
		{220A6123-FEE9-4B55-B7FA-DE611955046B}.Debug|Any CPU.ActiveCfg = Debug|Any CPU
		{220A6123-FEE9-4B55-B7FA-DE611955046B}.Debug|Any CPU.Build.0 = Debug|Any CPU
		{220A6123-FEE9-4B55-B7FA-DE611955046B}.Release|Any CPU.ActiveCfg = Release|Any CPU
		{220A6123-FEE9-4B55-B7FA-DE611955046B}.Release|Any CPU.Build.0 = Release|Any CPU
	EndGlobalSection
	GlobalSection(SolutionProperties) = preSolution
		HideSolutionNode = FALSE
	EndGlobalSection
	GlobalSection(ExtensibilityGlobals) = postSolution
		SolutionGuid = {241DD831-A60D-4418-B767-BD26E07753AC}
	EndGlobalSection
EndGlobal
