
Microsoft Visual Studio Solution File, Format Version 12.00
# Visual Studio 15
VisualStudioVersion = 15.0.28010.0
MinimumVisualStudioVersion = 10.0.40219.1
Project("{FAE04EC0-301F-11D3-BF4B-00C04F79EFBC}") = "AsyncTaskException", "AsyncTaskException\AsyncTaskException.csproj", "{56ACE370-FBDB-484F-866C-3CEA5B0DBEA1}"
EndProject
Global
	GlobalSection(SolutionConfigurationPlatforms) = preSolution
		Debug|Any CPU = Debug|Any CPU
		Release|Any CPU = Release|Any CPU
	EndGlobalSection
	GlobalSection(ProjectConfigurationPlatforms) = postSolution
		{56ACE370-FBDB-484F-866C-3CEA5B0DBEA1}.Debug|Any CPU.ActiveCfg = Debug|Any CPU
		{56ACE370-FBDB-484F-866C-3CEA5B0DBEA1}.Debug|Any CPU.Build.0 = Debug|Any CPU
		{56ACE370-FBDB-484F-866C-3CEA5B0DBEA1}.Release|Any CPU.ActiveCfg = Release|Any CPU
		{56ACE370-FBDB-484F-866C-3CEA5B0DBEA1}.Release|Any CPU.Build.0 = Release|Any CPU
	EndGlobalSection
	GlobalSection(SolutionProperties) = preSolution
		HideSolutionNode = FALSE
	EndGlobalSection
	GlobalSection(ExtensibilityGlobals) = postSolution
		SolutionGuid = {AFCAEB83-4565-4488-B861-8CE6EED6E827}
	EndGlobalSection
EndGlobal
