
Microsoft Visual Studio Solution File, Format Version 12.00
# Visual Studio 15
VisualStudioVersion = 15.0.28010.0
MinimumVisualStudioVersion = 10.0.40219.1
Project("{FAE04EC0-301F-11D3-BF4B-00C04F79EFBC}") = "HttpContexAsyncAwait", "HttpContexAsyncAwait\HttpContexAsyncAwait.csproj", "{1ADAE3B8-EC77-4516-B8A0-C5DE7C4C78D0}"
EndProject
Global
	GlobalSection(SolutionConfigurationPlatforms) = preSolution
		Debug|Any CPU = Debug|Any CPU
		Release|Any CPU = Release|Any CPU
	EndGlobalSection
	GlobalSection(ProjectConfigurationPlatforms) = postSolution
		{1ADAE3B8-EC77-4516-B8A0-C5DE7C4C78D0}.Debug|Any CPU.ActiveCfg = Debug|Any CPU
		{1ADAE3B8-EC77-4516-B8A0-C5DE7C4C78D0}.Debug|Any CPU.Build.0 = Debug|Any CPU
		{1ADAE3B8-EC77-4516-B8A0-C5DE7C4C78D0}.Release|Any CPU.ActiveCfg = Release|Any CPU
		{1ADAE3B8-EC77-4516-B8A0-C5DE7C4C78D0}.Release|Any CPU.Build.0 = Release|Any CPU
	EndGlobalSection
	GlobalSection(SolutionProperties) = preSolution
		HideSolutionNode = FALSE
	EndGlobalSection
	GlobalSection(ExtensibilityGlobals) = postSolution
		SolutionGuid = {203927E8-4EFB-46C3-A10F-8B749B90CF55}
	EndGlobalSection
EndGlobal
