
Microsoft Visual Studio Solution File, Format Version 12.00
# Visual Studio 15
VisualStudioVersion = 15.0.28010.2019
MinimumVisualStudioVersion = 10.0.40219.1
Project("{FAE04EC0-301F-11D3-BF4B-00C04F79EFBC}") = "ASPNETCoreIoCDI", "ASPNETCoreIoCDI\ASPNETCoreIoCDI.csproj", "{A963A967-522E-470E-8899-62B9158C3D2B}"
EndProject
Global
	GlobalSection(SolutionConfigurationPlatforms) = preSolution
		Debug|Any CPU = Debug|Any CPU
		Release|Any CPU = Release|Any CPU
	EndGlobalSection
	GlobalSection(ProjectConfigurationPlatforms) = postSolution
		{A963A967-522E-470E-8899-62B9158C3D2B}.Debug|Any CPU.ActiveCfg = Debug|Any CPU
		{A963A967-522E-470E-8899-62B9158C3D2B}.Debug|Any CPU.Build.0 = Debug|Any CPU
		{A963A967-522E-470E-8899-62B9158C3D2B}.Release|Any CPU.ActiveCfg = Release|Any CPU
		{A963A967-522E-470E-8899-62B9158C3D2B}.Release|Any CPU.Build.0 = Release|Any CPU
	EndGlobalSection
	GlobalSection(SolutionProperties) = preSolution
		HideSolutionNode = FALSE
	EndGlobalSection
	GlobalSection(ExtensibilityGlobals) = postSolution
		SolutionGuid = {2C179693-3408-4774-BE34-F8EF3F49D258}
	EndGlobalSection
EndGlobal
