
Microsoft Visual Studio Solution File, Format Version 12.00
# Visual Studio 15
VisualStudioVersion = 15.0.27428.2027
MinimumVisualStudioVersion = 10.0.40219.1
Project("{FAE04EC0-301F-11D3-BF4B-00C04F79EFBC}") = "FirstStructureMap", "FirstStructureMap\FirstStructureMap.csproj", "{402697FB-50E2-4E96-9C51-7157C61EBB88}"
EndProject
Project("{FAE04EC0-301F-11D3-BF4B-00C04F79EFBC}") = "DeeplyResolve", "DeeplyResolve\DeeplyResolve.csproj", "{392D5815-2398-468A-92DC-3E361D361C8A}"
EndProject
Global
	GlobalSection(SolutionConfigurationPlatforms) = preSolution
		Debug|Any CPU = Debug|Any CPU
		Release|Any CPU = Release|Any CPU
	EndGlobalSection
	GlobalSection(ProjectConfigurationPlatforms) = postSolution
		{402697FB-50E2-4E96-9C51-7157C61EBB88}.Debug|Any CPU.ActiveCfg = Debug|Any CPU
		{402697FB-50E2-4E96-9C51-7157C61EBB88}.Debug|Any CPU.Build.0 = Debug|Any CPU
		{402697FB-50E2-4E96-9C51-7157C61EBB88}.Release|Any CPU.ActiveCfg = Release|Any CPU
		{402697FB-50E2-4E96-9C51-7157C61EBB88}.Release|Any CPU.Build.0 = Release|Any CPU
		{392D5815-2398-468A-92DC-3E361D361C8A}.Debug|Any CPU.ActiveCfg = Debug|Any CPU
		{392D5815-2398-468A-92DC-3E361D361C8A}.Debug|Any CPU.Build.0 = Debug|Any CPU
		{392D5815-2398-468A-92DC-3E361D361C8A}.Release|Any CPU.ActiveCfg = Release|Any CPU
		{392D5815-2398-468A-92DC-3E361D361C8A}.Release|Any CPU.Build.0 = Release|Any CPU
	EndGlobalSection
	GlobalSection(SolutionProperties) = preSolution
		HideSolutionNode = FALSE
	EndGlobalSection
	GlobalSection(ExtensibilityGlobals) = postSolution
		SolutionGuid = {1F10F6DB-B912-4184-93D0-916091E113B0}
	EndGlobalSection
EndGlobal
